
Microsoft Visual Studio Solution File, Format Version 12.00
# Visual Studio 15
VisualStudioVersion = 15.0.28307.757
MinimumVisualStudioVersion = 10.0.40219.1
Project("{FAE04EC0-301F-11D3-BF4B-00C04F79EFBC}") = "WindowsFormsApp1", "WindowsFormsApp1\WindowsFormsApp1.csproj", "{E0F3CABE-F8FF-4A81-91AB-0D143218FF03}"
EndProject
Global
	GlobalSection(SolutionConfigurationPlatforms) = preSolution
		Debug|Any CPU = Debug|Any CPU
		Release|Any CPU = Release|Any CPU
	EndGlobalSection
	GlobalSection(ProjectConfigurationPlatforms) = postSolution
		{E0F3CABE-F8FF-4A81-91AB-0D143218FF03}.Debug|Any CPU.ActiveCfg = Debug|Any CPU
		{E0F3CABE-F8FF-4A81-91AB-0D143218FF03}.Debug|Any CPU.Build.0 = Debug|Any CPU
		{E0F3CABE-F8FF-4A81-91AB-0D143218FF03}.Release|Any CPU.ActiveCfg = Release|Any CPU
		{E0F3CABE-F8FF-4A81-91AB-0D143218FF03}.Release|Any CPU.Build.0 = Release|Any CPU
	EndGlobalSection
	GlobalSection(SolutionProperties) = preSolution
		HideSolutionNode = FALSE
	EndGlobalSection
	GlobalSection(ExtensibilityGlobals) = postSolution
		SolutionGuid = {E8E7E2D1-D80F-4FA6-96AD-5E0B9415E0D2}
	EndGlobalSection
EndGlobal
